
Microsoft Visual Studio Solution File, Format Version 12.00
# Visual Studio Version 17
VisualStudioVersion = 17.1.32210.238
MinimumVisualStudioVersion = 10.0.40219.1
Project("{FAE04EC0-301F-11D3-BF4B-00C04F79EFBC}") = "Q3", "Q3.csproj", "{14F27D2A-5E80-44DA-B59A-C946A2C0AC40}"
EndProject
Global
	GlobalSection(SolutionConfigurationPlatforms) = preSolution
		Debug|Any CPU = Debug|Any CPU
		Release|Any CPU = Release|Any CPU
	EndGlobalSection
	GlobalSection(ProjectConfigurationPlatforms) = postSolution
		{14F27D2A-5E80-44DA-B59A-C946A2C0AC40}.Debug|Any CPU.ActiveCfg = Debug|Any CPU
		{14F27D2A-5E80-44DA-B59A-C946A2C0AC40}.Debug|Any CPU.Build.0 = Debug|Any CPU
		{14F27D2A-5E80-44DA-B59A-C946A2C0AC40}.Release|Any CPU.ActiveCfg = Release|Any CPU
		{14F27D2A-5E80-44DA-B59A-C946A2C0AC40}.Release|Any CPU.Build.0 = Release|Any CPU
	EndGlobalSection
	GlobalSection(SolutionProperties) = preSolution
		HideSolutionNode = FALSE
	EndGlobalSection
	GlobalSection(ExtensibilityGlobals) = postSolution
		SolutionGuid = {ABFE4E44-31DD-43BB-8D15-2B198D65BC4E}
	EndGlobalSection
EndGlobal
